{
  "name": "project",
  "version": "1.0.0",
  "lockfileVersion": 1,
  "requires": true,
  "dependencies": {
    "@material/animation": {
      "version": "0.25.0",
      "resolved": "https://registry.npmjs.org/@material/animation/-/animation-0.25.0.tgz",
      "integrity": "sha512-4RzlpMwJtMnQ3/rNf4zpG9qnoQcCkYiRs6U515MRQzv7qFl1eCZx3U3dGaUu7UVf3Hwx4RskUB/fBxGc0b61CQ=="
    },
    "@material/auto-init": {
      "version": "0.32.0",
      "resolved": "https://registry.npmjs.org/@material/auto-init/-/auto-init-0.32.0.tgz",
      "integrity": "sha512-yodqrTC/MjGt/dM4jiouWJuT8XRpthxicV/If/qUJUeznTkzHMvHp4hWJBcEiyjfryxvzTEoKOl5X8k/gx1GAw=="
    },
    "@material/base": {
      "version": "0.29.0",
      "resolved": "https://registry.npmjs.org/@material/base/-/base-0.29.0.tgz",
      "integrity": "sha512-5jgaxI0x18JWb7orFPNm+on3Oe1o0RUgrh/xSpuJ4U4rEwMmC94rOMdacllaenmUuLq1DRPE7UeGOzfWfZf3bQ=="
    },
    "@material/button": {
      "version": "0.32.0",
      "resolved": "https://registry.npmjs.org/@material/button/-/button-0.32.0.tgz",
      "integrity": "sha512-3PBA+o8T5lFJbCo2GZD8sm5U4VXiHDN6nHkrKlysuvcbo6QQK1C3ZMP4BIj2nmSpodvNRXOk8opG3feDcubg3g==",
      "requires": {
        "@material/elevation": "0.28.0",
        "@material/ripple": "0.32.0",
        "@material/theme": "0.30.0",
        "@material/typography": "0.28.0"
      }
    },
    "@material/card": {
      "version": "0.32.0",
      "resolved": "https://registry.npmjs.org/@material/card/-/card-0.32.0.tgz",
      "integrity": "sha512-Y/o8Mekvlt3su0K80gcLpmcdFUa+D57nKDI3nVcM1Xi2r5/ra3qjAmFda5mauxZK/8PzyB/FJzF1fy/RH5s+9g==",
      "requires": {
        "@material/elevation": "0.28.0",
        "@material/ripple": "0.32.0",
        "@material/rtl": "0.30.0",
        "@material/theme": "0.30.0"
      }
    },
    "@material/checkbox": {
      "version": "0.32.0",
      "resolved": "https://registry.npmjs.org/@material/checkbox/-/checkbox-0.32.0.tgz",
      "integrity": "sha512-Rc6sidCCsc+wyktwd6KhNqAt14H6zSEarwLnvqCaYLv/Ml+lqg2SjQ3mg9rRKt1JREaN7G9BGKQKAnB//OMY4g==",
      "requires": {
        "@material/animation": "0.25.0",
        "@material/base": "0.29.0",
        "@material/ripple": "0.32.0",
        "@material/rtl": "0.30.0",
        "@material/selection-control": "0.32.0",
        "@material/theme": "0.30.0"
      }
    },
    "@material/chips": {
      "version": "0.32.0",
      "resolved": "https://registry.npmjs.org/@material/chips/-/chips-0.32.0.tgz",
      "integrity": "sha512-bw4LSzF+Ejyi4Z7iZHZE5J2k437b2iLVM9bGjkXYZ4bkFR+gqjjfB9787FEQGoowHwKOWmuVwYrsO+Vsomf6jg==",
      "requires": {
        "@material/base": "0.29.0",
        "@material/ripple": "0.32.0"
      }
    },
    "@material/dialog": {
      "version": "0.32.0",
      "resolved": "https://registry.npmjs.org/@material/dialog/-/dialog-0.32.0.tgz",
      "integrity": "sha512-tmOdwpFAT5aI4nI43ldzgZ5ONPEZzhE8Nf95DnP8najwKni/aY3D61yo3KwrE2Q0fuuXL1e6AEojX83IHEEciw==",
      "requires": {
        "@material/animation": "0.25.0",
        "@material/base": "0.29.0",
        "@material/elevation": "0.28.0",
        "@material/ripple": "0.32.0",
        "@material/rtl": "0.30.0",
        "@material/theme": "0.30.0",
        "@material/typography": "0.1.1",
        "focus-trap": "2.4.3"
      },
      "dependencies": {
        "@material/typography": {
          "version": "0.1.1",
          "resolved": "https://registry.npmjs.org/@material/typography/-/typography-0.1.1.tgz",
          "integrity": "sha1-+y40N70yhNOen7kUhXZ63msr0ME="
        }
      }
    },
    "@material/drawer": {
      "version": "0.30.0",
      "resolved": "https://registry.npmjs.org/@material/drawer/-/drawer-0.30.0.tgz",
      "integrity": "sha512-NZyp6jVd6cDucBPUl391cTuIkR5Vy5OdrdNQxvH+pTjvb7R2yQJKVv2a7PxuR1uKjGM1vRudFOdXpviwbplr9A==",
      "requires": {
        "@material/animation": "0.25.0",
        "@material/base": "0.29.0",
        "@material/elevation": "0.28.0",
        "@material/rtl": "0.30.0",
        "@material/theme": "0.30.0",
        "@material/typography": "0.28.0"
      }
    },
    "@material/elevation": {
      "version": "0.28.0",
      "resolved": "https://registry.npmjs.org/@material/elevation/-/elevation-0.28.0.tgz",
      "integrity": "sha512-U2utCuMDDhrJ8Cyisz16GAejN9h9xyS4jvVkt2uIOUyPZRjnaJyoAbpyf0mOzFxIdBuRpNGJYm2PoAwHsSA+xw==",
      "requires": {
        "@material/animation": "0.25.0",
        "@material/theme": "0.4.0"
      },
      "dependencies": {
        "@material/theme": {
          "version": "0.4.0",
          "resolved": "https://registry.npmjs.org/@material/theme/-/theme-0.4.0.tgz",
          "integrity": "sha1-Cu8aAnm2XBWZBYT7i47KCVxzRkE="
        }
      }
    },
    "@material/fab": {
      "version": "0.32.0",
      "resolved": "https://registry.npmjs.org/@material/fab/-/fab-0.32.0.tgz",
      "integrity": "sha512-VWzka0qpDxDuqPai9alrFUQadpyEwSGuwt+vgqV0gL5vs0VxLlEa1XP8McZSvdCdHGPNEZtohUif2ZaDEiMSzQ==",
      "requires": {
        "@material/animation": "0.25.0",
        "@material/elevation": "0.28.0",
        "@material/ripple": "0.32.0",
        "@material/theme": "0.30.0"
      }
    },
    "@material/floating-label": {
      "version": "0.32.0",
      "resolved": "https://registry.npmjs.org/@material/floating-label/-/floating-label-0.32.0.tgz",
      "integrity": "sha512-YrcRSK04EnvmVJw2bH0if9zOaag6zUbk41vW2FQZJkkaKd3kQt02d0RqlAJ9qSKciGNb0J0h/EDMcdGpNDAp6Q==",
      "requires": {
        "@material/base": "0.29.0",
        "@material/rtl": "0.30.0",
        "@material/theme": "0.30.0"
      }
    },
    "@material/form-field": {
      "version": "0.32.0",
      "resolved": "https://registry.npmjs.org/@material/form-field/-/form-field-0.32.0.tgz",
      "integrity": "sha512-DrUSzqS73H+ksyI0HM66q7IRVSuIIN5dvapayaCXscoSVq5jU1jObqDNtu7PmBxEqvXj68SHrRWm7M06m06a5w==",
      "requires": {
        "@material/base": "0.29.0",
        "@material/rtl": "0.30.0",
        "@material/selection-control": "0.32.0",
        "@material/theme": "0.30.0",
        "@material/typography": "0.28.0"
      }
    },
    "@material/grid-list": {
      "version": "0.30.0",
      "resolved": "https://registry.npmjs.org/@material/grid-list/-/grid-list-0.30.0.tgz",
      "integrity": "sha512-RjL5npvXRWqYE1ro83JjzF2JTimIqVrshCcjSCkiFcDY0AKyEBfihvtHA2JhngLgCgKBBcSHDzNL8sqGMT8AJg==",
      "requires": {
        "@material/base": "0.29.0",
        "@material/rtl": "0.30.0",
        "@material/theme": "0.30.0",
        "@material/typography": "0.28.0"
      }
    },
    "@material/icon-toggle": {
      "version": "0.32.0",
      "resolved": "https://registry.npmjs.org/@material/icon-toggle/-/icon-toggle-0.32.0.tgz",
      "integrity": "sha512-49jrIvP64yVkhVuwek4PmPumMllB3CkqGHgGaSlNJHGdZ3VaSD4DqxnKD0avxhPxEUWg/NXy1dEE+3YFrI/Caw==",
      "requires": {
        "@material/animation": "0.25.0",
        "@material/base": "0.29.0",
        "@material/ripple": "0.32.0",
        "@material/theme": "0.30.0"
      }
    },
    "@material/layout-grid": {
      "version": "0.24.0",
      "resolved": "https://registry.npmjs.org/@material/layout-grid/-/layout-grid-0.24.0.tgz",
      "integrity": "sha512-38Si5CQgRkQwTSVb+lfCZkH8QEe1/HWfj2yNmK5OIFRMBFbSjQRsvf3p+aU1R7fM4TDjNKcgUWqRtBnKuUjNCQ=="
    },
    "@material/line-ripple": {
      "version": "0.32.0",
      "resolved": "https://registry.npmjs.org/@material/line-ripple/-/line-ripple-0.32.0.tgz",
      "integrity": "sha512-vd/jlnK/paWZnsr9rvKkeo4qjIDTd59TljSUzqgXN4wiOwiCqXWtNgsy+veKG4fNLVqwad7ECKizUn2iQ/+IMQ==",
      "requires": {
        "@material/animation": "0.25.0",
        "@material/base": "0.29.0",
        "@material/theme": "0.30.0"
      }
    },
    "@material/linear-progress": {
      "version": "0.30.0",
      "resolved": "https://registry.npmjs.org/@material/linear-progress/-/linear-progress-0.30.0.tgz",
      "integrity": "sha512-xKeC22ni5B2xEoYwY8bBJABS3Xkxa1qjKb+bWu0zf90F7e3bQ0rp2pvzHSp0GGJHTAChu1COMXOyZ1QzaBYtGg==",
      "requires": {
        "@material/animation": "0.25.0",
        "@material/base": "0.29.0",
        "@material/theme": "0.30.0"
      }
    },
    "@material/list": {
      "version": "0.32.0",
      "resolved": "https://registry.npmjs.org/@material/list/-/list-0.32.0.tgz",
      "integrity": "sha512-03eZsHYRSS7b+fUsx5gBkRhUubfPYYg5Nr7PwLdEPLR5VuQ6RzgcNYcBnLtIa5rdvrd6NugNNSL9c2k27Qjt6g==",
      "requires": {
        "@material/ripple": "0.32.0",
        "@material/rtl": "0.30.0",
        "@material/theme": "0.30.0",
        "@material/typography": "0.28.0"
      }
    },
    "@material/menu": {
      "version": "0.31.0",
      "resolved": "https://registry.npmjs.org/@material/menu/-/menu-0.31.0.tgz",
      "integrity": "sha512-9318W8Ws1lnJzsXC9+3hVaYJkGxJOXNHR4PaIpvI9T4ZmyRu5+E6Cp0hf42RTQ1bHTDLOSG/tPuKvsN9VW/6hQ==",
      "requires": {
        "@material/animation": "0.25.0",
        "@material/base": "0.29.0",
        "@material/elevation": "0.28.0",
        "@material/theme": "0.30.0",
        "@material/typography": "0.28.0"
      }
    },
    "@material/radio": {
      "version": "0.32.0",
      "resolved": "https://registry.npmjs.org/@material/radio/-/radio-0.32.0.tgz",
      "integrity": "sha512-a+uUiCem0ULjcdH3mwOz/dabLGiiCshqr/Gu5xN1kB6bDLmXybM50DMgw3TowRXyyS4YOX6tm6j+af4dsiNJNQ==",
      "requires": {
        "@material/animation": "0.25.0",
        "@material/base": "0.29.0",
        "@material/ripple": "0.32.0",
        "@material/selection-control": "0.32.0",
        "@material/theme": "0.30.0"
      }
    },
    "@material/ripple": {
      "version": "0.32.0",
      "resolved": "https://registry.npmjs.org/@material/ripple/-/ripple-0.32.0.tgz",
      "integrity": "sha512-pfG16d1/46f4QnrUHG66aV22kbY7sh7n2HR/cFALX6D0l0Kae3+xjuUnr1yy32Y1tzLAc84U9jGEzTDykVff9A==",
      "requires": {
        "@material/base": "0.29.0",
        "@material/theme": "0.30.0"
      }
    },
    "@material/rtl": {
      "version": "0.30.0",
      "resolved": "https://registry.npmjs.org/@material/rtl/-/rtl-0.30.0.tgz",
      "integrity": "sha512-zxEiXFESaQvNNm+tHO0QVKxkGERkL6rX4ghusl7HhosueOcjaVLNYCxH5F0x6Et04TL0wh1ycBmFUIEqVhEkWw=="
    },
    "@material/select": {
      "version": "0.32.0",
      "resolved": "https://registry.npmjs.org/@material/select/-/select-0.32.0.tgz",
      "integrity": "sha512-KLlP4i1QDzsDJoIW4qA1JB17zSrgHSG2PpxKeqhUjqb9W5Q71LJ6QjhPynFA897sq1Wd9WTSHl41BAu2qUZlFA==",
      "requires": {
        "@material/animation": "0.25.0",
        "@material/base": "0.29.0",
        "@material/list": "0.32.0",
        "@material/menu": "0.31.0",
        "@material/ripple": "0.32.0",
        "@material/rtl": "0.30.0",
        "@material/theme": "0.30.0",
        "@material/typography": "0.28.0"
      }
    },
    "@material/selection-control": {
      "version": "0.32.0",
      "resolved": "https://registry.npmjs.org/@material/selection-control/-/selection-control-0.32.0.tgz",
      "integrity": "sha512-zlq6x5n0pN3eKJQBYkWdh4UQScF7Ui7g7XIeeuKnNFo99oxJoKtuGk3WX5/OBc0wU4qe38rfQW6XGeFG4Adk3Q==",
      "requires": {
        "@material/ripple": "0.32.0"
      }
    },
    "@material/slider": {
      "version": "0.32.0",
      "resolved": "https://registry.npmjs.org/@material/slider/-/slider-0.32.0.tgz",
      "integrity": "sha512-FmV9tjzhj9KfTpxXL2YNgV3STQTWXmROp7SJqrz8v2JpDXiVyI/pq/DhcFLEMvs096cIZWgH+iyZPQGFTPH12A==",
      "requires": {
        "@material/animation": "0.25.0",
        "@material/base": "0.29.0",
        "@material/rtl": "0.30.0",
        "@material/theme": "0.30.0"
      }
    },
    "@material/snackbar": {
      "version": "0.30.0",
      "resolved": "https://registry.npmjs.org/@material/snackbar/-/snackbar-0.30.0.tgz",
      "integrity": "sha512-zQamWIxco7wZGYHXZ5G6TGTUKeZgS/EZ+YgRhA5hm6ZwfZrQYhn8coWRPOfsgHHlDN511sA8svU41h6HArlSFA==",
      "requires": {
        "@material/animation": "0.25.0",
        "@material/base": "0.29.0",
        "@material/rtl": "0.30.0",
        "@material/theme": "0.30.0",
        "@material/typography": "0.28.0"
      }
    },
    "@material/switch": {
      "version": "0.32.0",
      "resolved": "https://registry.npmjs.org/@material/switch/-/switch-0.32.0.tgz",
      "integrity": "sha512-nn5HN8AdSb4aSOJEEG9wGvPg+wPhg2rMD3j8WTX1HZ7c0HklgM07SuNKI+Yz5VFgfA28m3qFJAdHIv7OdzSuaQ==",
      "requires": {
        "@material/animation": "0.25.0",
        "@material/elevation": "0.28.0",
        "@material/theme": "0.30.0"
      }
    },
    "@material/tabs": {
      "version": "0.32.0",
      "resolved": "https://registry.npmjs.org/@material/tabs/-/tabs-0.32.0.tgz",
      "integrity": "sha512-RWzxlQoR6MPqxCP2kVNrxg4+D2A5eT7WO0cqkoxsbDz8wAPeNlU/vdr17bnTlhAiiwcDCKulxHRNX7Gztwwg0A==",
      "requires": {
        "@material/animation": "0.25.0",
        "@material/base": "0.29.0",
        "@material/ripple": "0.32.0",
        "@material/rtl": "0.30.0",
        "@material/theme": "0.30.0",
        "@material/typography": "0.28.0"
      }
    },
    "@material/textfield": {
      "version": "0.32.0",
      "resolved": "https://registry.npmjs.org/@material/textfield/-/textfield-0.32.0.tgz",
      "integrity": "sha512-5gLDjBE14LqRT3NcToYZu/vVL/FzPY/kPT+oqzyZaRfvx3iyTBXSPsE0LOfGIgPv+Z65Z4g1PoccLWW/cZWHbw==",
      "requires": {
        "@material/animation": "0.25.0",
        "@material/base": "0.29.0",
        "@material/floating-label": "0.32.0",
        "@material/line-ripple": "0.32.0",
        "@material/ripple": "0.32.0",
        "@material/rtl": "0.30.0",
        "@material/theme": "0.30.0",
        "@material/typography": "0.28.0"
      }
    },
    "@material/theme": {
      "version": "0.30.0",
      "resolved": "https://registry.npmjs.org/@material/theme/-/theme-0.30.0.tgz",
      "integrity": "sha512-jd1iC5qyq5YX4w8sZj9+lXExeK4adXbAjw/lOQuDeT6WSGJf7HovxQlHjlyWJ4p/x0xTGrlaDHnrCxeJQCq4Og=="
    },
    "@material/toolbar": {
      "version": "0.32.0",
      "resolved": "https://registry.npmjs.org/@material/toolbar/-/toolbar-0.32.0.tgz",
      "integrity": "sha512-eDouRzRFqOpOigm1nOr8QrfEGJW87gdzhqlM8YbrIzUchm3JouAQgV62wvDs+mMpy2jXj1rMBZOTbtff78myqA==",
      "requires": {
        "@material/base": "0.29.0",
        "@material/elevation": "0.28.0",
        "@material/ripple": "0.32.0",
        "@material/rtl": "0.30.0",
        "@material/theme": "0.30.0",
        "@material/typography": "0.28.0"
      }
    },
    "@material/top-app-bar": {
      "version": "0.32.0",
      "resolved": "https://registry.npmjs.org/@material/top-app-bar/-/top-app-bar-0.32.0.tgz",
      "integrity": "sha512-zdL70MN10Hd1831o0xdGGAASemY4ht2Wz2juANaK3fCf9uvv2UFouS8eJa4BX16rHenIzwrffuA1EKn96RauaQ==",
      "requires": {
        "@material/animation": "0.25.0",
        "@material/base": "0.29.0",
        "@material/elevation": "0.28.0",
        "@material/ripple": "0.32.0",
        "@material/rtl": "0.30.0",
        "@material/theme": "0.30.0",
        "@material/typography": "0.28.0"
      }
    },
    "@material/typography": {
      "version": "0.28.0",
      "resolved": "https://registry.npmjs.org/@material/typography/-/typography-0.28.0.tgz",
      "integrity": "sha512-Cz8XxO/bocChQAM87xTAN9CM31Q04FgW0N4lSQWyha2PAK/LdtfjjWFPZWNZKyQbZJBNjINbE3/PqMnWDTd4cQ=="
    },
    "bootstrap": {
      "version": "4.1.1",
      "resolved": "https://registry.npmjs.org/bootstrap/-/bootstrap-4.1.1.tgz",
      "integrity": "sha512-SpiDSOcbg4J/PjVSt4ny5eY6j74VbVSjROY4Fb/WIUXBV9cnb5luyR4KnPvNoXuGnBK1T+nJIWqRsvU3yP8Mcg=="
    },
    "focus-trap": {
      "version": "2.4.3",
      "resolved": "https://registry.npmjs.org/focus-trap/-/focus-trap-2.4.3.tgz",
      "integrity": "sha512-sT5Ip9nyAIxWq8Apt1Fdv6yTci5GotaOtO5Ro1/+F3PizttNBcCYz8j/Qze54PPFK73KUbOqh++HUCiyNPqvhA==",
      "requires": {
        "tabbable": "1.1.2"
      }
    },
    "material-components-web": {
      "version": "0.32.0",
      "resolved": "https://registry.npmjs.org/material-components-web/-/material-components-web-0.32.0.tgz",
      "integrity": "sha512-f2etJyWzZu/5U1qYnybzHXuUhyEAG19a/OFjSLi6rYJtjY1BtPS+Az9IHvnKDB7ahLET00vEtMKZbNsSa8Eksw==",
      "requires": {
        "@material/animation": "0.25.0",
        "@material/auto-init": "0.32.0",
        "@material/base": "0.29.0",
        "@material/button": "0.32.0",
        "@material/card": "0.32.0",
        "@material/checkbox": "0.32.0",
        "@material/chips": "0.32.0",
        "@material/dialog": "0.32.0",
        "@material/drawer": "0.30.0",
        "@material/elevation": "0.28.0",
        "@material/fab": "0.32.0",
        "@material/floating-label": "0.32.0",
        "@material/form-field": "0.32.0",
        "@material/grid-list": "0.30.0",
        "@material/icon-toggle": "0.32.0",
        "@material/layout-grid": "0.24.0",
        "@material/line-ripple": "0.32.0",
        "@material/linear-progress": "0.30.0",
        "@material/list": "0.32.0",
        "@material/menu": "0.31.0",
        "@material/radio": "0.32.0",
        "@material/ripple": "0.32.0",
        "@material/rtl": "0.30.0",
        "@material/select": "0.32.0",
        "@material/selection-control": "0.32.0",
        "@material/slider": "0.32.0",
        "@material/snackbar": "0.30.0",
        "@material/switch": "0.32.0",
        "@material/tabs": "0.32.0",
        "@material/textfield": "0.32.0",
        "@material/theme": "0.30.0",
        "@material/toolbar": "0.32.0",
        "@material/top-app-bar": "0.32.0",
        "@material/typography": "0.28.0"
      }
    },
    "tabbable": {
      "version": "1.1.2",
      "resolved": "https://registry.npmjs.org/tabbable/-/tabbable-1.1.2.tgz",
      "integrity": "sha512-77oqsKEPrxIwgRcXUwipkj9W5ItO97L6eUT1Ar7vh+El16Zm4M6V+YU1cbipHEa6q0Yjw8O3Hoh8oRgatV5s7A=="
    }
  }
}
